
Microsoft Visual Studio Solution File, Format Version 12.00
# Visual Studio Version 17
VisualStudioVersion = 17.8.34511.84
MinimumVisualStudioVersion = 10.0.40219.1
Project("{FAE04EC0-301F-11D3-BF4B-00C04F79EFBC}") = "clieeentttss", "clieeentttss\clieeentttss.csproj", "{5633B239-A70A-4632-8306-0E815FC7F453}"
EndProject
Global
	GlobalSection(SolutionConfigurationPlatforms) = preSolution
		Debug|Any CPU = Debug|Any CPU
		Release|Any CPU = Release|Any CPU
	EndGlobalSection
	GlobalSection(ProjectConfigurationPlatforms) = postSolution
		{5633B239-A70A-4632-8306-0E815FC7F453}.Debug|Any CPU.ActiveCfg = Debug|Any CPU
		{5633B239-A70A-4632-8306-0E815FC7F453}.Debug|Any CPU.Build.0 = Debug|Any CPU
		{5633B239-A70A-4632-8306-0E815FC7F453}.Release|Any CPU.ActiveCfg = Release|Any CPU
		{5633B239-A70A-4632-8306-0E815FC7F453}.Release|Any CPU.Build.0 = Release|Any CPU
	EndGlobalSection
	GlobalSection(SolutionProperties) = preSolution
		HideSolutionNode = FALSE
	EndGlobalSection
	GlobalSection(ExtensibilityGlobals) = postSolution
		SolutionGuid = {808D63F5-52DF-4A20-BD45-FFB96505CCCC}
	EndGlobalSection
EndGlobal
